{
  "version": 0,
  "packages": {
    "gh:xTrayambak/nuzzle": {
      "version": "0.1.21",
      "commit": "a3b18a7eef8f8d9bb6fb0495e8f089d330a0abb6",
      "url": "gh:xTrayambak/nuzzle",
      "checksum": "80303b04a3fb354baab5ae85b7eacdedc336b96a12e09195a9683d3610e301e8"
    },
    "shakar": {
      "version": "0.1.3",
      "commit": "48333bf20e39519929cbcfaa3b3af60858805f35",
      "url": "https://github.com/ferus-web/shakar",
      "checksum": "858b8c6328e9e5a454c0f7303fe1458d3c458c7f0761b2aa518a0cf3df581a57"
    },
    "flatty": {
      "version": "0.3.4",
      "commit": "07f6ba8ab96238e5bd1264cf0cea1d1746abb00c",
      "url": "https://github.com/treeform/flatty",
      "checksum": "7c19fafe94ec272a273d373a2ec9849c0ecb97f9bd906ba388e5c0a0e5845ad5"
    },
    "results": {
      "version": "0.5.1",
      "commit": "df8113dda4c2d74d460a8fa98252b0b771bf1f27",
      "url": "https://github.com/arnetheduck/nim-results",
      "checksum": "49379aaeadb08fbb4e99d1d56e713c390badd71b5f4f073c9493df7ae6bd85e4"
    },
    "pretty": {
      "version": "0.2.0",
      "commit": "9e770046c5cdf23d395d6b21c4657345481b1c76",
      "url": "https://github.com/treeform/pretty",
      "checksum": "a821a0b10261784a670d280759c2b1736e151e3866a3b700654cbd3e6ced4f20"
    }
  }
}